// !$*UTF8*$!
{
	archiveVersion = 1;
	classes = {
	};
	objectVersion = 50;
	objects = {

/* Begin PBXBuildFile section */
		7F97BFFF21E6582900F4F562 /* RegisterVC.swift in Sources */ = {isa = PBXBuildFile; fileRef = 7F97BFFE21E6582900F4F562 /* RegisterVC.swift */; };
		7F97C00121E6584B00F4F562 /* LoginVC.swift in Sources */ = {isa = PBXBuildFile; fileRef = 7F97C00021E6584B00F4F562 /* LoginVC.swift */; };
		7F97C00321E6589300F4F562 /* misSitiosTVC.swift in Sources */ = {isa = PBXBuildFile; fileRef = 7F97C00221E6589300F4F562 /* misSitiosTVC.swift */; };
		7F97C00521E658AB00F4F562 /* misSitiosTVCell.swift in Sources */ = {isa = PBXBuildFile; fileRef = 7F97C00421E658AB00F4F562 /* misSitiosTVCell.swift */; };
		7F97C00721E6598C00F4F562 /* DetalleVC.swift in Sources */ = {isa = PBXBuildFile; fileRef = 7F97C00621E6598C00F4F562 /* DetalleVC.swift */; };
		7F97C00921E659D400F4F562 /* nuevaUbicacionVC.swift in Sources */ = {isa = PBXBuildFile; fileRef = 7F97C00821E659D400F4F562 /* nuevaUbicacionVC.swift */; };
		7F97C00B21E66DA600F4F562 /* Sitio.swift in Sources */ = {isa = PBXBuildFile; fileRef = 7F97C00A21E66DA600F4F562 /* Sitio.swift */; };
		7F9B31DB21E7910E0043E59E /* MapaVC.swift in Sources */ = {isa = PBXBuildFile; fileRef = 7F9B31DA21E7910E0043E59E /* MapaVC.swift */; };
		7F9B31DF21E7A1B40043E59E /* PerfilVC.swift in Sources */ = {isa = PBXBuildFile; fileRef = 7F9B31DE21E7A1B40043E59E /* PerfilVC.swift */; };
		7F9F59A721E6261A004B88D2 /* AppDelegate.swift in Sources */ = {isa = PBXBuildFile; fileRef = 7F9F59A621E6261A004B88D2 /* AppDelegate.swift */; };
		7F9F59AC21E6261A004B88D2 /* Main.storyboard in Resources */ = {isa = PBXBuildFile; fileRef = 7F9F59AA21E6261A004B88D2 /* Main.storyboard */; };
		7F9F59AE21E6261B004B88D2 /* Assets.xcassets in Resources */ = {isa = PBXBuildFile; fileRef = 7F9F59AD21E6261B004B88D2 /* Assets.xcassets */; };
		7F9F59B121E6261C004B88D2 /* LaunchScreen.storyboard in Resources */ = {isa = PBXBuildFile; fileRef = 7F9F59AF21E6261C004B88D2 /* LaunchScreen.storyboard */; };
		7FED206021F9DFF5005ABAD2 /* tabBarItem.swift in Sources */ = {isa = PBXBuildFile; fileRef = 7FED205F21F9DFF5005ABAD2 /* tabBarItem.swift */; };
		A46B016F30F7A832A5E7E5DD /* Pods_Ubiq.framework in Frameworks */ = {isa = PBXBuildFile; fileRef = B4FFC9434E9E9374B2E5F76B /* Pods_Ubiq.framework */; };
/* End PBXBuildFile section */

/* Begin PBXFileReference section */
		1EDAF1861881FEAF6E9BA6F6 /* Pods-Ubiq.debug.xcconfig */ = {isa = PBXFileReference; includeInIndex = 1; lastKnownFileType = text.xcconfig; name = "Pods-Ubiq.debug.xcconfig"; path = "Pods/Target Support Files/Pods-Ubiq/Pods-Ubiq.debug.xcconfig"; sourceTree = "<group>"; };
		7F97BFFE21E6582900F4F562 /* RegisterVC.swift */ = {isa = PBXFileReference; lastKnownFileType = sourcecode.swift; path = RegisterVC.swift; sourceTree = "<group>"; };
		7F97C00021E6584B00F4F562 /* LoginVC.swift */ = {isa = PBXFileReference; lastKnownFileType = sourcecode.swift; path = LoginVC.swift; sourceTree = "<group>"; };
		7F97C00221E6589300F4F562 /* misSitiosTVC.swift */ = {isa = PBXFileReference; lastKnownFileType = sourcecode.swift; path = misSitiosTVC.swift; sourceTree = "<group>"; };
		7F97C00421E658AB00F4F562 /* misSitiosTVCell.swift */ = {isa = PBXFileReference; lastKnownFileType = sourcecode.swift; path = misSitiosTVCell.swift; sourceTree = "<group>"; };
		7F97C00621E6598C00F4F562 /* DetalleVC.swift */ = {isa = PBXFileReference; lastKnownFileType = sourcecode.swift; path = DetalleVC.swift; sourceTree = "<group>"; };
		7F97C00821E659D400F4F562 /* nuevaUbicacionVC.swift */ = {isa = PBXFileReference; lastKnownFileType = sourcecode.swift; path = nuevaUbicacionVC.swift; sourceTree = "<group>"; };
		7F97C00A21E66DA600F4F562 /* Sitio.swift */ = {isa = PBXFileReference; lastKnownFileType = sourcecode.swift; path = Sitio.swift; sourceTree = "<group>"; };
		7F9B31DA21E7910E0043E59E /* MapaVC.swift */ = {isa = PBXFileReference; lastKnownFileType = sourcecode.swift; path = MapaVC.swift; sourceTree = "<group>"; };
		7F9B31DE21E7A1B40043E59E /* PerfilVC.swift */ = {isa = PBXFileReference; lastKnownFileType = sourcecode.swift; path = PerfilVC.swift; sourceTree = "<group>"; };
		7F9F59A321E6261A004B88D2 /* Ubiq.app */ = {isa = PBXFileReference; explicitFileType = wrapper.application; includeInIndex = 0; path = Ubiq.app; sourceTree = BUILT_PRODUCTS_DIR; };
		7F9F59A621E6261A004B88D2 /* AppDelegate.swift */ = {isa = PBXFileReference; lastKnownFileType = sourcecode.swift; path = AppDelegate.swift; sourceTree = "<group>"; };
		7F9F59AB21E6261A004B88D2 /* Base */ = {isa = PBXFileReference; lastKnownFileType = file.storyboard; name = Base; path = Base.lproj/Main.storyboard; sourceTree = "<group>"; };
		7F9F59AD21E6261B004B88D2 /* Assets.xcassets */ = {isa = PBXFileReference; lastKnownFileType = folder.assetcatalog; path = Assets.xcassets; sourceTree = "<group>"; };
		7F9F59B021E6261C004B88D2 /* Base */ = {isa = PBXFileReference; lastKnownFileType = file.storyboard; name = Base; path = Base.lproj/LaunchScreen.storyboard; sourceTree = "<group>"; };
		7F9F59B221E6261C004B88D2 /* Info.plist */ = {isa = PBXFileReference; lastKnownFileType = text.plist.xml; path = Info.plist; sourceTree = "<group>"; };
		7FED205F21F9DFF5005ABAD2 /* tabBarItem.swift */ = {isa = PBXFileReference; lastKnownFileType = sourcecode.swift; path = tabBarItem.swift; sourceTree = "<group>"; };
		B4FFC9434E9E9374B2E5F76B /* Pods_Ubiq.framework */ = {isa = PBXFileReference; explicitFileType = wrapper.framework; includeInIndex = 0; path = Pods_Ubiq.framework; sourceTree = BUILT_PRODUCTS_DIR; };
		E426485DB32C8B250862D9D4 /* Pods-Ubiq.release.xcconfig */ = {isa = PBXFileReference; includeInIndex = 1; lastKnownFileType = text.xcconfig; name = "Pods-Ubiq.release.xcconfig"; path = "Pods/Target Support Files/Pods-Ubiq/Pods-Ubiq.release.xcconfig"; sourceTree = "<group>"; };
/* End PBXFileReference section */

/* Begin PBXFrameworksBuildPhase section */
		7F9F59A021E6261A004B88D2 /* Frameworks */ = {
			isa = PBXFrameworksBuildPhase;
			buildActionMask = 2147483647;
			files = (
				A46B016F30F7A832A5E7E5DD /* Pods_Ubiq.framework in Frameworks */,
			);
			runOnlyForDeploymentPostprocessing = 0;
		};
/* End PBXFrameworksBuildPhase section */

/* Begin PBXGroup section */
		6EA897859597D35EFFA2FAD1 /* Pods */ = {
			isa = PBXGroup;
			children = (
				1EDAF1861881FEAF6E9BA6F6 /* Pods-Ubiq.debug.xcconfig */,
				E426485DB32C8B250862D9D4 /* Pods-Ubiq.release.xcconfig */,
			);
			name = Pods;
			sourceTree = "<group>";
		};
		7F9F599A21E62619004B88D2 = {
			isa = PBXGroup;
			children = (
				7F9F59A521E6261A004B88D2 /* Ubiq */,
				7F9F59A421E6261A004B88D2 /* Products */,
				6EA897859597D35EFFA2FAD1 /* Pods */,
				A1A2204CAE44217223DA0410 /* Frameworks */,
			);
			sourceTree = "<group>";
		};
		7F9F59A421E6261A004B88D2 /* Products */ = {
			isa = PBXGroup;
			children = (
				7F9F59A321E6261A004B88D2 /* Ubiq.app */,
			);
			name = Products;
			sourceTree = "<group>";
		};
		7F9F59A521E6261A004B88D2 /* Ubiq */ = {
			isa = PBXGroup;
			children = (
				7F9F59A621E6261A004B88D2 /* AppDelegate.swift */,
				7F97BFFE21E6582900F4F562 /* RegisterVC.swift */,
				7F97C00021E6584B00F4F562 /* LoginVC.swift */,
				7F9B31DA21E7910E0043E59E /* MapaVC.swift */,
				7F97C00221E6589300F4F562 /* misSitiosTVC.swift */,
				7F97C00421E658AB00F4F562 /* misSitiosTVCell.swift */,
				7F97C00821E659D400F4F562 /* nuevaUbicacionVC.swift */,
				7F97C00621E6598C00F4F562 /* DetalleVC.swift */,
				7F9B31DE21E7A1B40043E59E /* PerfilVC.swift */,
				7F97C00A21E66DA600F4F562 /* Sitio.swift */,
				7FED205F21F9DFF5005ABAD2 /* tabBarItem.swift */,
				7F9F59AA21E6261A004B88D2 /* Main.storyboard */,
				7F9F59AD21E6261B004B88D2 /* Assets.xcassets */,
				7F9F59AF21E6261C004B88D2 /* LaunchScreen.storyboard */,
				7F9F59B221E6261C004B88D2 /* Info.plist */,
			);
			path = Ubiq;
			sourceTree = "<group>";
		};
		A1A2204CAE44217223DA0410 /* Frameworks */ = {
			isa = PBXGroup;
			children = (
				B4FFC9434E9E9374B2E5F76B /* Pods_Ubiq.framework */,
			);
			name = Frameworks;
			sourceTree = "<group>";
		};
/* End PBXGroup section */

/* Begin PBXNativeTarget section */
		7F9F59A221E6261A004B88D2 /* Ubiq */ = {
			isa = PBXNativeTarget;
			buildConfigurationList = 7F9F59B521E6261C004B88D2 /* Build configuration list for PBXNativeTarget "Ubiq" */;
			buildPhases = (
				592DA3E49DB8F7377822E056 /* [CP] Check Pods Manifest.lock */,
				7F9F599F21E6261A004B88D2 /* Sources */,
				7F9F59A021E6261A004B88D2 /* Frameworks */,
				7F9F59A121E6261A004B88D2 /* Resources */,
				826B439DF43CDF5C03BC0CFA /* [CP] Embed Pods Frameworks */,
			);
			buildRules = (
			);
			dependencies = (
			);
			name = Ubiq;
			productName = Ubiq;
			productReference = 7F9F59A321E6261A004B88D2 /* Ubiq.app */;
			productType = "com.apple.product-type.application";
		};
/* End PBXNativeTarget section */

/* Begin PBXProject section */
		7F9F599B21E62619004B88D2 /* Project object */ = {
			isa = PBXProject;
			attributes = {
				LastSwiftUpdateCheck = 0940;
				LastUpgradeCheck = 0940;
				ORGANIZATIONNAME = alumnos;
				TargetAttributes = {
					7F9F59A221E6261A004B88D2 = {
						CreatedOnToolsVersion = 9.4.1;
					};
				};
			};
			buildConfigurationList = 7F9F599E21E62619004B88D2 /* Build configuration list for PBXProject "Ubiq" */;
			compatibilityVersion = "Xcode 9.3";
			developmentRegion = en;
			hasScannedForEncodings = 0;
			knownRegions = (
				en,
				Base,
			);
			mainGroup = 7F9F599A21E62619004B88D2;
			productRefGroup = 7F9F59A421E6261A004B88D2 /* Products */;
			projectDirPath = "";
			projectRoot = "";
			targets = (
				7F9F59A221E6261A004B88D2 /* Ubiq */,
			);
		};
/* End PBXProject section */

/* Begin PBXResourcesBuildPhase section */
		7F9F59A121E6261A004B88D2 /* Resources */ = {
			isa = PBXResourcesBuildPhase;
			buildActionMask = 2147483647;
			files = (
				7F9F59B121E6261C004B88D2 /* LaunchScreen.storyboard in Resources */,
				7F9F59AE21E6261B004B88D2 /* Assets.xcassets in Resources */,
				7F9F59AC21E6261A004B88D2 /* Main.storyboard in Resources */,
			);
			runOnlyForDeploymentPostprocessing = 0;
		};
/* End PBXResourcesBuildPhase section */

/* Begin PBXShellScriptBuildPhase section */
		592DA3E49DB8F7377822E056 /* [CP] Check Pods Manifest.lock */ = {
			isa = PBXShellScriptBuildPhase;
			buildActionMask = 2147483647;
			files = (
			);
			inputPaths = (
				"${PODS_PODFILE_DIR_PATH}/Podfile.lock",
				"${PODS_ROOT}/Manifest.lock",
			);
			name = "[CP] Check Pods Manifest.lock";
			outputPaths = (
				"$(DERIVED_FILE_DIR)/Pods-Ubiq-checkManifestLockResult.txt",
			);
			runOnlyForDeploymentPostprocessing = 0;
			shellPath = /bin/sh;
			shellScript = "diff \"${PODS_PODFILE_DIR_PATH}/Podfile.lock\" \"${PODS_ROOT}/Manifest.lock\" > /dev/null\nif [ $? != 0 ] ; then\n    # print error to STDERR\n    echo \"error: The sandbox is not in sync with the Podfile.lock. Run 'pod install' or update your CocoaPods installation.\" >&2\n    exit 1\nfi\n# This output is used by Xcode 'outputs' to avoid re-running this script phase.\necho \"SUCCESS\" > \"${SCRIPT_OUTPUT_FILE_0}\"\n";
			showEnvVarsInLog = 0;
		};
		826B439DF43CDF5C03BC0CFA /* [CP] Embed Pods Frameworks */ = {
			isa = PBXShellScriptBuildPhase;
			buildActionMask = 2147483647;
			files = (
			);
			inputPaths = (
				"${SRCROOT}/Pods/Target Support Files/Pods-Ubiq/Pods-Ubiq-frameworks.sh",
				"${BUILT_PRODUCTS_DIR}/Alamofire/Alamofire.framework",
			);
			name = "[CP] Embed Pods Frameworks";
			outputPaths = (
				"${TARGET_BUILD_DIR}/${FRAMEWORKS_FOLDER_PATH}/Alamofire.framework",
			);
			runOnlyForDeploymentPostprocessing = 0;
			shellPath = /bin/sh;
			shellScript = "\"${SRCROOT}/Pods/Target Support Files/Pods-Ubiq/Pods-Ubiq-frameworks.sh\"\n";
			showEnvVarsInLog = 0;
		};
/* End PBXShellScriptBuildPhase section */

/* Begin PBXSourcesBuildPhase section */
		7F9F599F21E6261A004B88D2 /* Sources */ = {
			isa = PBXSourcesBuildPhase;
			buildActionMask = 2147483647;
			files = (
				7F97C00521E658AB00F4F562 /* misSitiosTVCell.swift in Sources */,
				7F97C00B21E66DA600F4F562 /* Sitio.swift in Sources */,
				7F97BFFF21E6582900F4F562 /* RegisterVC.swift in Sources */,
				7F9B31DB21E7910E0043E59E /* MapaVC.swift in Sources */,
				7F97C00121E6584B00F4F562 /* LoginVC.swift in Sources */,
				7F97C00921E659D400F4F562 /* nuevaUbicacionVC.swift in Sources */,
				7F9F59A721E6261A004B88D2 /* AppDelegate.swift in Sources */,
				7FED206021F9DFF5005ABAD2 /* tabBarItem.swift in Sources */,
				7F97C00321E6589300F4F562 /* misSitiosTVC.swift in Sources */,
				7F9B31DF21E7A1B40043E59E /* PerfilVC.swift in Sources */,
				7F97C00721E6598C00F4F562 /* DetalleVC.swift in Sources */,
			);
			runOnlyForDeploymentPostprocessing = 0;
		};
/* End PBXSourcesBuildPhase section */

/* Begin PBXVariantGroup section */
		7F9F59AA21E6261A004B88D2 /* Main.storyboard */ = {
			isa = PBXVariantGroup;
			children = (
				7F9F59AB21E6261A004B88D2 /* Base */,
			);
			name = Main.storyboard;
			sourceTree = "<group>";
		};
		7F9F59AF21E6261C004B88D2 /* LaunchScreen.storyboard */ = {
			isa = PBXVariantGroup;
			children = (
				7F9F59B021E6261C004B88D2 /* Base */,
			);
			name = LaunchScreen.storyboard;
			sourceTree = "<group>";
		};
/* End PBXVariantGroup section */

/* Begin XCBuildConfiguration section */
		7F9F59B321E6261C004B88D2 /* Debug */ = {
			isa = XCBuildConfiguration;
			buildSettings = {
				ALWAYS_SEARCH_USER_PATHS = NO;
				CLANG_ANALYZER_NONNULL = YES;
				CLANG_ANALYZER_NUMBER_OBJECT_CONVERSION = YES_AGGRESSIVE;
				CLANG_CXX_LANGUAGE_STANDARD = "gnu++14";
				CLANG_CXX_LIBRARY = "libc++";
				CLANG_ENABLE_MODULES = YES;
				CLANG_ENABLE_OBJC_ARC = YES;
				CLANG_ENABLE_OBJC_WEAK = YES;
				CLANG_WARN_BLOCK_CAPTURE_AUTORELEASING = YES;
				CLANG_WARN_BOOL_CONVERSION = YES;
				CLANG_WARN_COMMA = YES;
				CLANG_WARN_CONSTANT_CONVERSION = YES;
				CLANG_WARN_DEPRECATED_OBJC_IMPLEMENTATIONS = YES;
				CLANG_WARN_DIRECT_OBJC_ISA_USAGE = YES_ERROR;
				CLANG_WARN_DOCUMENTATION_COMMENTS = YES;
				CLANG_WARN_EMPTY_BODY = YES;
				CLANG_WARN_ENUM_CONVERSION = YES;
				CLANG_WARN_INFINITE_RECURSION = YES;
				CLANG_WARN_INT_CONVERSION = YES;
				CLANG_WARN_NON_LITERAL_NULL_CONVERSION = YES;
				CLANG_WARN_OBJC_IMPLICIT_RETAIN_SELF = YES;
				CLANG_WARN_OBJC_LITERAL_CONVERSION = YES;
				CLANG_WARN_OBJC_ROOT_CLASS = YES_ERROR;
				CLANG_WARN_RANGE_LOOP_ANALYSIS = YES;
				CLANG_WARN_STRICT_PROTOTYPES = YES;
				CLANG_WARN_SUSPICIOUS_MOVE = YES;
				CLANG_WARN_UNGUARDED_AVAILABILITY = YES_AGGRESSIVE;
				CLANG_WARN_UNREACHABLE_CODE = YES;
				CLANG_WARN__DUPLICATE_METHOD_MATCH = YES;
				CODE_SIGN_IDENTITY = "iPhone Developer";
				COPY_PHASE_STRIP = NO;
				DEBUG_INFORMATION_FORMAT = dwarf;
				ENABLE_STRICT_OBJC_MSGSEND = YES;
				ENABLE_TESTABILITY = YES;
				GCC_C_LANGUAGE_STANDARD = gnu11;
				GCC_DYNAMIC_NO_PIC = NO;
				GCC_NO_COMMON_BLOCKS = YES;
				GCC_OPTIMIZATION_LEVEL = 0;
				GCC_PREPROCESSOR_DEFINITIONS = (
					"DEBUG=1",
					"$(inherited)",
				);
				GCC_WARN_64_TO_32_BIT_CONVERSION = YES;
				GCC_WARN_ABOUT_RETURN_TYPE = YES_ERROR;
				GCC_WARN_UNDECLARED_SELECTOR = YES;
				GCC_WARN_UNINITIALIZED_AUTOS = YES_AGGRESSIVE;
				GCC_WARN_UNUSED_FUNCTION = YES;
				GCC_WARN_UNUSED_VARIABLE = YES;
				IPHONEOS_DEPLOYMENT_TARGET = 11.4;
				MTL_ENABLE_DEBUG_INFO = YES;
				ONLY_ACTIVE_ARCH = YES;
				SDKROOT = iphoneos;
				SWIFT_ACTIVE_COMPILATION_CONDITIONS = DEBUG;
				SWIFT_OPTIMIZATION_LEVEL = "-Onone";
			};
			name = Debug;
		};
		7F9F59B421E6261C004B88D2 /* Release */ = {
			isa = XCBuildConfiguration;
			buildSettings = {
				ALWAYS_SEARCH_USER_PATHS = NO;
				CLANG_ANALYZER_NONNULL = YES;
				CLANG_ANALYZER_NUMBER_OBJECT_CONVERSION = YES_AGGRESSIVE;
				CLANG_CXX_LANGUAGE_STANDARD = "gnu++14";
				CLANG_CXX_LIBRARY = "libc++";
				CLANG_ENABLE_MODULES = YES;
				CLANG_ENABLE_OBJC_ARC = YES;
				CLANG_ENABLE_OBJC_WEAK = YES;
				CLANG_WARN_BLOCK_CAPTURE_AUTORELEASING = YES;
				CLANG_WARN_BOOL_CONVERSION = YES;
				CLANG_WARN_COMMA = YES;
				CLANG_WARN_CONSTANT_CONVERSION = YES;
				CLANG_WARN_DEPRECATED_OBJC_IMPLEMENTATIONS = YES;
				CLANG_WARN_DIRECT_OBJC_ISA_USAGE = YES_ERROR;
				CLANG_WARN_DOCUMENTATION_COMMENTS = YES;
				CLANG_WARN_EMPTY_BODY = YES;
				CLANG_WARN_ENUM_CONVERSION = YES;
				CLANG_WARN_INFINITE_RECURSION = YES;
				CLANG_WARN_INT_CONVERSION = YES;
				CLANG_WARN_NON_LITERAL_NULL_CONVERSION = YES;
				CLANG_WARN_OBJC_IMPLICIT_RETAIN_SELF = YES;
				CLANG_WARN_OBJC_LITERAL_CONVERSION = YES;
				CLANG_WARN_OBJC_ROOT_CLASS = YES_ERROR;
				CLANG_WARN_RANGE_LOOP_ANALYSIS = YES;
				CLANG_WARN_STRICT_PROTOTYPES = YES;
				CLANG_WARN_SUSPICIOUS_MOVE = YES;
				CLANG_WARN_UNGUARDED_AVAILABILITY = YES_AGGRESSIVE;
				CLANG_WARN_UNREACHABLE_CODE = YES;
				CLANG_WARN__DUPLICATE_METHOD_MATCH = YES;
				CODE_SIGN_IDENTITY = "iPhone Developer";
				COPY_PHASE_STRIP = NO;
				DEBUG_INFORMATION_FORMAT = "dwarf-with-dsym";
				ENABLE_NS_ASSERTIONS = NO;
				ENABLE_STRICT_OBJC_MSGSEND = YES;
				GCC_C_LANGUAGE_STANDARD = gnu11;
				GCC_NO_COMMON_BLOCKS = YES;
				GCC_WARN_64_TO_32_BIT_CONVERSION = YES;
				GCC_WARN_ABOUT_RETURN_TYPE = YES_ERROR;
				GCC_WARN_UNDECLARED_SELECTOR = YES;
				GCC_WARN_UNINITIALIZED_AUTOS = YES_AGGRESSIVE;
				GCC_WARN_UNUSED_FUNCTION = YES;
				GCC_WARN_UNUSED_VARIABLE = YES;
				IPHONEOS_DEPLOYMENT_TARGET = 11.4;
				MTL_ENABLE_DEBUG_INFO = NO;
				SDKROOT = iphoneos;
				SWIFT_COMPILATION_MODE = wholemodule;
				SWIFT_OPTIMIZATION_LEVEL = "-O";
				VALIDATE_PRODUCT = YES;
			};
			name = Release;
		};
		7F9F59B621E6261C004B88D2 /* Debug */ = {
			isa = XCBuildConfiguration;
			baseConfigurationReference = 1EDAF1861881FEAF6E9BA6F6 /* Pods-Ubiq.debug.xcconfig */;
			buildSettings = {
				ASSETCATALOG_COMPILER_APPICON_NAME = AppIcon;
				CODE_SIGN_STYLE = Automatic;
				INFOPLIST_FILE = Ubiq/Info.plist;
				LD_RUNPATH_SEARCH_PATHS = (
					"$(inherited)",
					"@executable_path/Frameworks",
				);
				PRODUCT_BUNDLE_IDENTIFIER = Sofia.Ubiq;
				PRODUCT_NAME = "$(TARGET_NAME)";
				SWIFT_VERSION = 4.0;
				TARGETED_DEVICE_FAMILY = "1,2";
			};
			name = Debug;
		};
		7F9F59B721E6261C004B88D2 /* Release */ = {
			isa = XCBuildConfiguration;
			baseConfigurationReference = E426485DB32C8B250862D9D4 /* Pods-Ubiq.release.xcconfig */;
			buildSettings = {
				ASSETCATALOG_COMPILER_APPICON_NAME = AppIcon;
				CODE_SIGN_STYLE = Automatic;
				INFOPLIST_FILE = Ubiq/Info.plist;
				LD_RUNPATH_SEARCH_PATHS = (
					"$(inherited)",
					"@executable_path/Frameworks",
				);
				PRODUCT_BUNDLE_IDENTIFIER = Sofia.Ubiq;
				PRODUCT_NAME = "$(TARGET_NAME)";
				SWIFT_VERSION = 4.0;
				TARGETED_DEVICE_FAMILY = "1,2";
			};
			name = Release;
		};
/* End XCBuildConfiguration section */

/* Begin XCConfigurationList section */
		7F9F599E21E62619004B88D2 /* Build configuration list for PBXProject "Ubiq" */ = {
			isa = XCConfigurationList;
			buildConfigurations = (
				7F9F59B321E6261C004B88D2 /* Debug */,
				7F9F59B421E6261C004B88D2 /* Release */,
			);
			defaultConfigurationIsVisible = 0;
			defaultConfigurationName = Release;
		};
		7F9F59B521E6261C004B88D2 /* Build configuration list for PBXNativeTarget "Ubiq" */ = {
			isa = XCConfigurationList;
			buildConfigurations = (
				7F9F59B621E6261C004B88D2 /* Debug */,
				7F9F59B721E6261C004B88D2 /* Release */,
			);
			defaultConfigurationIsVisible = 0;
			defaultConfigurationName = Release;
		};
/* End XCConfigurationList section */
	};
	rootObject = 7F9F599B21E62619004B88D2 /* Project object */;
}
